
Microsoft Visual Studio Solution File, Format Version 12.00
# Visual Studio Version 17
VisualStudioVersion = 17.14.36429.23
MinimumVisualStudioVersion = 10.0.40219.1
Project("{FAE04EC0-301F-11D3-BF4B-00C04F79EFBC}") = "DataBindig.DataObject", "DataBindig.DataObject\DataBindig.DataObject.csproj", "{A746928C-DF6A-4C75-A1C1-3C278CECE176}"
EndProject
Project("{FAE04EC0-301F-11D3-BF4B-00C04F79EFBC}") = "DataBindig.XamelElement", "DataBindig.XamelElement\DataBindig.XamelElement.csproj", "{2B52D1BA-439D-43CE-A8C1-B506C2E70E44}"
EndProject
Project("{FAE04EC0-301F-11D3-BF4B-00C04F79EFBC}") = "databainig.coleccion", "databainig.coleccion\databainig.coleccion.csproj", "{828FA335-9FC5-4633-A9D8-E40910301C4F}"
EndProject
Global
	GlobalSection(SolutionConfigurationPlatforms) = preSolution
		Debug|Any CPU = Debug|Any CPU
		Release|Any CPU = Release|Any CPU
	EndGlobalSection
	GlobalSection(ProjectConfigurationPlatforms) = postSolution
		{A746928C-DF6A-4C75-A1C1-3C278CECE176}.Debug|Any CPU.ActiveCfg = Debug|Any CPU
		{A746928C-DF6A-4C75-A1C1-3C278CECE176}.Debug|Any CPU.Build.0 = Debug|Any CPU
		{A746928C-DF6A-4C75-A1C1-3C278CECE176}.Debug|Any CPU.Deploy.0 = Debug|Any CPU
		{A746928C-DF6A-4C75-A1C1-3C278CECE176}.Release|Any CPU.ActiveCfg = Release|Any CPU
		{A746928C-DF6A-4C75-A1C1-3C278CECE176}.Release|Any CPU.Build.0 = Release|Any CPU
		{A746928C-DF6A-4C75-A1C1-3C278CECE176}.Release|Any CPU.Deploy.0 = Release|Any CPU
		{2B52D1BA-439D-43CE-A8C1-B506C2E70E44}.Debug|Any CPU.ActiveCfg = Debug|Any CPU
		{2B52D1BA-439D-43CE-A8C1-B506C2E70E44}.Debug|Any CPU.Build.0 = Debug|Any CPU
		{2B52D1BA-439D-43CE-A8C1-B506C2E70E44}.Debug|Any CPU.Deploy.0 = Debug|Any CPU
		{2B52D1BA-439D-43CE-A8C1-B506C2E70E44}.Release|Any CPU.ActiveCfg = Release|Any CPU
		{2B52D1BA-439D-43CE-A8C1-B506C2E70E44}.Release|Any CPU.Build.0 = Release|Any CPU
		{2B52D1BA-439D-43CE-A8C1-B506C2E70E44}.Release|Any CPU.Deploy.0 = Release|Any CPU
		{828FA335-9FC5-4633-A9D8-E40910301C4F}.Debug|Any CPU.ActiveCfg = Debug|Any CPU
		{828FA335-9FC5-4633-A9D8-E40910301C4F}.Debug|Any CPU.Build.0 = Debug|Any CPU
		{828FA335-9FC5-4633-A9D8-E40910301C4F}.Debug|Any CPU.Deploy.0 = Debug|Any CPU
		{828FA335-9FC5-4633-A9D8-E40910301C4F}.Release|Any CPU.ActiveCfg = Release|Any CPU
		{828FA335-9FC5-4633-A9D8-E40910301C4F}.Release|Any CPU.Build.0 = Release|Any CPU
		{828FA335-9FC5-4633-A9D8-E40910301C4F}.Release|Any CPU.Deploy.0 = Release|Any CPU
	EndGlobalSection
	GlobalSection(SolutionProperties) = preSolution
		HideSolutionNode = FALSE
	EndGlobalSection
	GlobalSection(ExtensibilityGlobals) = postSolution
		SolutionGuid = {D14622A4-C328-4CCA-9A98-DBE60008A448}
	EndGlobalSection
EndGlobal
